
Microsoft Visual Studio Solution File, Format Version 12.00
# Visual Studio Version 16
VisualStudioVersion = 16.0.31402.337
MinimumVisualStudioVersion = 10.0.40219.1
Project("{FAE04EC0-301F-11D3-BF4B-00C04F79EFBC}") = "RealEstate", "RealEstate\RealEstate.csproj", "{61482A8F-2BD8-4185-AD64-937B1FCB3334}"
EndProject
Global
	GlobalSection(SolutionConfigurationPlatforms) = preSolution
		Debug|Any CPU = Debug|Any CPU
		Release|Any CPU = Release|Any CPU
	EndGlobalSection
	GlobalSection(ProjectConfigurationPlatforms) = postSolution
		{61482A8F-2BD8-4185-AD64-937B1FCB3334}.Debug|Any CPU.ActiveCfg = Debug|Any CPU
		{61482A8F-2BD8-4185-AD64-937B1FCB3334}.Debug|Any CPU.Build.0 = Debug|Any CPU
		{61482A8F-2BD8-4185-AD64-937B1FCB3334}.Release|Any CPU.ActiveCfg = Release|Any CPU
		{61482A8F-2BD8-4185-AD64-937B1FCB3334}.Release|Any CPU.Build.0 = Release|Any CPU
	EndGlobalSection
	GlobalSection(SolutionProperties) = preSolution
		HideSolutionNode = FALSE
	EndGlobalSection
	GlobalSection(ExtensibilityGlobals) = postSolution
		SolutionGuid = {2CDCA9D1-EA5E-45C0-AAE8-63EB1556EBEE}
	EndGlobalSection
EndGlobal
